
Microsoft Visual Studio Solution File, Format Version 12.00
# Visual Studio Version 16
VisualStudioVersion = 16.0.30204.135
MinimumVisualStudioVersion = 10.0.40219.1
Project("{FAE04EC0-301F-11D3-BF4B-00C04F79EFBC}") = "ASP.NET_CORE_MVC_CRUD", "ASP.NET_CORE_MVC_CRUD\ASP.NET_CORE_MVC_CRUD.csproj", "{27E5FFFE-752E-496C-9F2F-A8B74D45A9F9}"
EndProject
Global
	GlobalSection(SolutionConfigurationPlatforms) = preSolution
		Debug|Any CPU = Debug|Any CPU
		Release|Any CPU = Release|Any CPU
	EndGlobalSection
	GlobalSection(ProjectConfigurationPlatforms) = postSolution
		{27E5FFFE-752E-496C-9F2F-A8B74D45A9F9}.Debug|Any CPU.ActiveCfg = Debug|Any CPU
		{27E5FFFE-752E-496C-9F2F-A8B74D45A9F9}.Debug|Any CPU.Build.0 = Debug|Any CPU
		{27E5FFFE-752E-496C-9F2F-A8B74D45A9F9}.Release|Any CPU.ActiveCfg = Release|Any CPU
		{27E5FFFE-752E-496C-9F2F-A8B74D45A9F9}.Release|Any CPU.Build.0 = Release|Any CPU
	EndGlobalSection
	GlobalSection(SolutionProperties) = preSolution
		HideSolutionNode = FALSE
	EndGlobalSection
	GlobalSection(ExtensibilityGlobals) = postSolution
		SolutionGuid = {FCB0AEDD-1885-4A06-A719-C989A25E97BC}
	EndGlobalSection
EndGlobal
